{
  "name": "statistiken-api",
  "version": "1.0.0",
  "lockfileVersion": 1,
  "requires": true,
  "dependencies": {
    "statistiken": {
      "version": "1.3.4",
      "resolved": "https://registry.npmjs.org/statistiken/-/statistiken-1.3.4.tgz",
      "integrity": "sha512-VGpmRFbSBQ/jCVdZrJhxlm1i4FT4Nrf0Nh28kVripVa8Nuj80OJclz99x6ljq1dBHZrkStl469eFnfPcJpcKMw=="
    }
  }
}
